
Microsoft Visual Studio Solution File, Format Version 12.00
# Visual Studio 15
Project("{FAE04EC0-301F-11D3-BF4B-00C04F79EFBC}") = "Assembly-CSharp", "Assembly-CSharp.csproj", "{94C4A8A5-78A3-9358-BCF3-4A07796E7328}"
EndProject
Project("{FAE04EC0-301F-11D3-BF4B-00C04F79EFBC}") = "Assembly-CSharp-Editor-firstpass", "Assembly-CSharp-Editor-firstpass.csproj", "{9602B340-3294-B8EB-11F7-BEAECB06FEE7}"
EndProject
Global
	GlobalSection(SolutionConfigurationPlatforms) = preSolution
		Debug|Any CPU = Debug|Any CPU
		Release|Any CPU = Release|Any CPU
	EndGlobalSection
	GlobalSection(ProjectConfigurationPlatforms) = postSolution
		{94C4A8A5-78A3-9358-BCF3-4A07796E7328}.Debug|Any CPU.ActiveCfg = Debug|Any CPU
		{94C4A8A5-78A3-9358-BCF3-4A07796E7328}.Debug|Any CPU.Build.0 = Debug|Any CPU
		{94C4A8A5-78A3-9358-BCF3-4A07796E7328}.Release|Any CPU.ActiveCfg = Release|Any CPU
		{94C4A8A5-78A3-9358-BCF3-4A07796E7328}.Release|Any CPU.Build.0 = Release|Any CPU
		{9602B340-3294-B8EB-11F7-BEAECB06FEE7}.Debug|Any CPU.ActiveCfg = Debug|Any CPU
		{9602B340-3294-B8EB-11F7-BEAECB06FEE7}.Debug|Any CPU.Build.0 = Debug|Any CPU
		{9602B340-3294-B8EB-11F7-BEAECB06FEE7}.Release|Any CPU.ActiveCfg = Release|Any CPU
		{9602B340-3294-B8EB-11F7-BEAECB06FEE7}.Release|Any CPU.Build.0 = Release|Any CPU
	EndGlobalSection
	GlobalSection(SolutionProperties) = preSolution
		HideSolutionNode = FALSE
	EndGlobalSection
EndGlobal
